
Microsoft Visual Studio Solution File, Format Version 12.00
# Visual Studio Version 17
VisualStudioVersion = 17.7.34031.279
MinimumVisualStudioVersion = 10.0.40219.1
Project("{FAE04EC0-301F-11D3-BF4B-00C04F79EFBC}") = "Tugas 3", "Tugas 3.csproj", "{EE8EF7C8-8FE1-4788-A020-5E59A933C859}"
EndProject
Global
	GlobalSection(SolutionConfigurationPlatforms) = preSolution
		Debug|Any CPU = Debug|Any CPU
		Release|Any CPU = Release|Any CPU
	EndGlobalSection
	GlobalSection(ProjectConfigurationPlatforms) = postSolution
		{EE8EF7C8-8FE1-4788-A020-5E59A933C859}.Debug|Any CPU.ActiveCfg = Debug|Any CPU
		{EE8EF7C8-8FE1-4788-A020-5E59A933C859}.Debug|Any CPU.Build.0 = Debug|Any CPU
		{EE8EF7C8-8FE1-4788-A020-5E59A933C859}.Release|Any CPU.ActiveCfg = Release|Any CPU
		{EE8EF7C8-8FE1-4788-A020-5E59A933C859}.Release|Any CPU.Build.0 = Release|Any CPU
	EndGlobalSection
	GlobalSection(SolutionProperties) = preSolution
		HideSolutionNode = FALSE
	EndGlobalSection
	GlobalSection(ExtensibilityGlobals) = postSolution
		SolutionGuid = {F8EE635C-F2C7-4A49-BBB3-A66DD2D1015E}
	EndGlobalSection
EndGlobal
